
Microsoft Visual Studio Solution File, Format Version 12.00
# Visual Studio Version 17
VisualStudioVersion = 17.3.32929.385
MinimumVisualStudioVersion = 10.0.40219.1
Project("{FAE04EC0-301F-11D3-BF4B-00C04F79EFBC}") = "PerModule", "PerModule.csproj", "{FD5EE3AA-0501-4AAE-A332-70378E4614A9}"
EndProject
Project("{FAE04EC0-301F-11D3-BF4B-00C04F79EFBC}") = "Entities", "..\Entities\Entities.csproj", "{F5E88B02-879C-4650-AD33-94B9CF3DA728}"
EndProject
Global
	GlobalSection(SolutionConfigurationPlatforms) = preSolution
		Debug|Any CPU = Debug|Any CPU
		Release|Any CPU = Release|Any CPU
	EndGlobalSection
	GlobalSection(ProjectConfigurationPlatforms) = postSolution
		{FD5EE3AA-0501-4AAE-A332-70378E4614A9}.Debug|Any CPU.ActiveCfg = Debug|Any CPU
		{FD5EE3AA-0501-4AAE-A332-70378E4614A9}.Debug|Any CPU.Build.0 = Debug|Any CPU
		{FD5EE3AA-0501-4AAE-A332-70378E4614A9}.Release|Any CPU.ActiveCfg = Release|Any CPU
		{FD5EE3AA-0501-4AAE-A332-70378E4614A9}.Release|Any CPU.Build.0 = Release|Any CPU
		{F5E88B02-879C-4650-AD33-94B9CF3DA728}.Debug|Any CPU.ActiveCfg = Debug|Any CPU
		{F5E88B02-879C-4650-AD33-94B9CF3DA728}.Debug|Any CPU.Build.0 = Debug|Any CPU
		{F5E88B02-879C-4650-AD33-94B9CF3DA728}.Release|Any CPU.ActiveCfg = Release|Any CPU
		{F5E88B02-879C-4650-AD33-94B9CF3DA728}.Release|Any CPU.Build.0 = Release|Any CPU
	EndGlobalSection
	GlobalSection(SolutionProperties) = preSolution
		HideSolutionNode = FALSE
	EndGlobalSection
	GlobalSection(ExtensibilityGlobals) = postSolution
		SolutionGuid = {B0B2AD27-CAD6-47CA-B86A-FCE69C768A66}
	EndGlobalSection
EndGlobal
